
Microsoft Visual Studio Solution File, Format Version 12.00
# Visual Studio Version 16
VisualStudioVersion = 16.0.33529.622
MinimumVisualStudioVersion = 10.0.40219.1
Project("{F184B08F-C81C-45F6-A57F-5ABD9991F28F}") = "SakuraRat 2.0", "SakuraRat2.0\SakuraRat.vbproj", "{F50C7370-BB72-4232-8658-A7A0678D9661}"
EndProject
Global
	GlobalSection(SolutionConfigurationPlatforms) = preSolution
		Debug|Any CPU = Debug|Any CPU
		Release|Any CPU = Release|Any CPU
	EndGlobalSection
	GlobalSection(ProjectConfigurationPlatforms) = postSolution
		{F50C7370-BB72-4232-8658-A7A0678D9661}.Debug|Any CPU.ActiveCfg = Debug|Any CPU
		{F50C7370-BB72-4232-8658-A7A0678D9661}.Debug|Any CPU.Build.0 = Debug|Any CPU
		{F50C7370-BB72-4232-8658-A7A0678D9661}.Release|Any CPU.ActiveCfg = Release|Any CPU
		{F50C7370-BB72-4232-8658-A7A0678D9661}.Release|Any CPU.Build.0 = Release|Any CPU
	EndGlobalSection
	GlobalSection(SolutionProperties) = preSolution
		HideSolutionNode = FALSE
	EndGlobalSection
	GlobalSection(ExtensibilityGlobals) = postSolution
		SolutionGuid = {E6A5A2A6-0F48-4D00-85A2-F1793FE85CAE}
	EndGlobalSection
EndGlobal
